<?xml version="1.0" encoding="utf-8"?>
<Project ToolsVersion="4.0" xmlns="http://schemas.microsoft.com/developer/msbuild/2003">
  <ItemGroup>
    <Filter Include="Source Files">
      <UniqueIdentifier>{4FC737F1-C7A5-4376-A066-2A32D752A2FF}</UniqueIdentifier>
      <Extensions>cpp;c;cc;cxx;c++;cppm;ixx;def;odl;idl;hpj;bat;asm;asmx</Extensions>
    </Filter>
    <Filter Include="Header Files">
      <UniqueIdentifier>{93995380-89BD-4b04-88EB-625FBE52EBFB}</UniqueIdentifier>
      <Extensions>h;hh;hpp;hxx;h++;hm;inl;inc;ipp;xsd</Extensions>
    </Filter>
    <Filter Include="Resource Files">
      <UniqueIdentifier>{67DA6AB6-F800-4c08-8B7A-83BB121AAD01}</UniqueIdentifier>
      <Extensions>rc;ico;cur;bmp;dlg;rc2;rct;bin;rgs;gif;jpg;jpeg;jpe;resx;tiff;tif;png;wav;mfcribbon-ms</Extensions>
    </Filter>
    <Filter Include="Source Files\Http">
      <UniqueIdentifier>{78198b09-b903-488c-a638-712160389f74}</UniqueIdentifier>
    </Filter>
    <Filter Include="Header Files\Http">
      <UniqueIdentifier>{0e2ac500-a738-444a-9a02-23e5910fb15a}</UniqueIdentifier>
    </Filter>
    <Filter Include="Source Files\Enumeration">
      <UniqueIdentifier>{0a646f6c-37b2-4d57-acb1-880f62f6d3e2}</UniqueIdentifier>
    </Filter>
    <Filter Include="Header Files\Enumeration">
      <UniqueIdentifier>{e3623071-4da1-46ed-a69d-603e31357353}</UniqueIdentifier>
    </Filter>
    <Filter Include="Source Files\Helpers">
      <UniqueIdentifier>{1c4344ea-9c8e-4fa5-bdc7-587d9201d004}</UniqueIdentifier>
    </Filter>
    <Filter Include="Header Files\Helpers">
      <UniqueIdentifier>{15cd00dc-68b9-42bc-9088-f2d19a3bf6ee}</UniqueIdentifier>
    </Filter>
    <Filter Include="Header Files\package">
      <UniqueIdentifier>{44a4017a-381c-4929-9b8d-6bd808fb4b56}</UniqueIdentifier>
    </Filter>
    <Filter Include="Source Files\Package">
      <UniqueIdentifier>{14c1e884-3ff9-49e6-94f4-7f62bf1178ff}</UniqueIdentifier>
    </Filter>
    <Filter Include="Header Files\cstdreplacement">
      <UniqueIdentifier>{e5ffb32a-6edd-47d0-9fbe-4311eed23d28}</UniqueIdentifier>
    </Filter>
    <Filter Include="Source Files\cstdreplacement">
      <UniqueIdentifier>{6e1655b6-dbef-4488-a2ac-e498b58dc9ac}</UniqueIdentifier>
    </Filter>
    <Filter Include="Source Files\Crypt">
      <UniqueIdentifier>{2a267213-d020-4004-b011-b988f0011e5b}</UniqueIdentifier>
    </Filter>
    <Filter Include="Header Files\Crypt">
      <UniqueIdentifier>{38dd581d-06eb-496c-a28e-ec195a22df1e}</UniqueIdentifier>
    </Filter>
    <Filter Include="Header Files\agent">
      <UniqueIdentifier>{e5852c53-76ba-460b-99ba-0362d552ce56}</UniqueIdentifier>
    </Filter>
    <Filter Include="Header Files\Crypt\wolfssl">
      <UniqueIdentifier>{81bda67a-7dc9-4f6c-b3b0-b9c257fd3634}</UniqueIdentifier>
    </Filter>
    <Filter Include="Source Files\Crypt\wolfssl">
      <UniqueIdentifier>{0a778349-4977-44ba-9b57-b7a7267284c2}</UniqueIdentifier>
    </Filter>
  </ItemGroup>
  <ItemGroup>
    <ClCompile Include="main.c">
      <Filter>Source Files</Filter>
    </ClCompile>
    <ClCompile Include="Register.c">
      <Filter>Source Files\Http</Filter>
    </ClCompile>
    <ClCompile Include="RetrieveInstructions.c">
      <Filter>Source Files\Http</Filter>
    </ClCompile>
    <ClCompile Include="PerformRequest.c">
      <Filter>Source Files\Http</Filter>
    </ClCompile>
    <ClCompile Include="enum.c">
      <Filter>Source Files\Enumeration</Filter>
    </ClCompile>
    <ClCompile Include="parsekey.c">
      <Filter>Source Files\Helpers</Filter>
    </ClCompile>
    <ClCompile Include="package.c">
      <Filter>Source Files\Package</Filter>
    </ClCompile>
    <ClCompile Include="localcstd.c">
      <Filter>Source Files\cstdreplacement</Filter>
    </ClCompile>
    <ClCompile Include="Crypto.c">
      <Filter>Source Files\Crypt</Filter>
    </ClCompile>
    <ClCompile Include="wolfssl\misc.c">
      <Filter>Source Files\Crypt\wolfssl</Filter>
    </ClCompile>
    <ClCompile Include="wolfssl\rsa.c">
      <Filter>Source Files\Crypt\wolfssl</Filter>
    </ClCompile>
    <ClCompile Include="wolfssl\asn.c">
      <Filter>Source Files\Crypt\wolfssl</Filter>
    </ClCompile>
    <ClCompile Include="wolfssl\dsa.c">
      <Filter>Source Files\Crypt\wolfssl</Filter>
    </ClCompile>
    <ClCompile Include="wolfssl\error.c">
      <Filter>Source Files\Crypt\wolfssl</Filter>
    </ClCompile>
    <ClCompile Include="wolfssl\sha.c">
      <Filter>Source Files\Crypt\wolfssl</Filter>
    </ClCompile>
    <ClCompile Include="wolfssl\sha256.c">
      <Filter>Source Files\Crypt\wolfssl</Filter>
    </ClCompile>
    <ClCompile Include="wolfssl\dh.c">
      <Filter>Source Files\Crypt\wolfssl</Filter>
    </ClCompile>
    <ClCompile Include="wolfssl\hash.c">
      <Filter>Source Files\Crypt\wolfssl</Filter>
    </ClCompile>
    <ClCompile Include="wolfssl\logging.c">
      <Filter>Source Files\Crypt\wolfssl</Filter>
    </ClCompile>
    <ClCompile Include="wolfssl\md5.c">
      <Filter>Source Files\Crypt\wolfssl</Filter>
    </ClCompile>
    <ClCompile Include="wolfssl\memory.c">
      <Filter>Source Files\Crypt\wolfssl</Filter>
    </ClCompile>
    <ClCompile Include="wolfssl\random.c">
      <Filter>Source Files\Crypt\wolfssl</Filter>
    </ClCompile>
    <ClCompile Include="wolfssl\sp_int.c">
      <Filter>Source Files\Crypt\wolfssl</Filter>
    </ClCompile>
    <ClCompile Include="wolfssl\wolfmath.c">
      <Filter>Source Files\Crypt\wolfssl</Filter>
    </ClCompile>
    <ClCompile Include="wolfssl\coding.c">
      <Filter>Source Files\Crypt\wolfssl</Filter>
    </ClCompile>
    <ClCompile Include="wolfssl\cryptocb.c">
      <Filter>Source Files\Crypt\wolfssl</Filter>
    </ClCompile>
    <ClCompile Include="wolfssl\des3.c">
      <Filter>Source Files\Crypt\wolfssl</Filter>
    </ClCompile>
    <ClCompile Include="wolfssl\hmac.c">
      <Filter>Source Files\Crypt\wolfssl</Filter>
    </ClCompile>
    <ClCompile Include="wolfssl\aes.c">
      <Filter>Source Files\Crypt\wolfssl</Filter>
    </ClCompile>
    <ClCompile Include="wolfssl\md2.c">
      <Filter>Source Files\Crypt\wolfssl</Filter>
    </ClCompile>
    <ClCompile Include="wolfssl\pkcs12.c">
      <Filter>Source Files\Crypt\wolfssl</Filter>
    </ClCompile>
    <ClCompile Include="wolfssl\pwdbased.c">
      <Filter>Source Files\Crypt\wolfssl</Filter>
    </ClCompile>
    <ClCompile Include="wolfssl\rc2.c">
      <Filter>Source Files\Crypt\wolfssl</Filter>
    </ClCompile>
    <ClCompile Include="wolfssl\wc_encrypt.c">
      <Filter>Source Files\Crypt\wolfssl</Filter>
    </ClCompile>
    <ClCompile Include="wolfssl\wc_port.c">
      <Filter>Source Files\Crypt\wolfssl</Filter>
    </ClCompile>
  </ItemGroup>
  <ItemGroup>
    <ClInclude Include="agent.h">
      <Filter>Header Files\agent</Filter>
    </ClInclude>
    <ClInclude Include="Http.h">
      <Filter>Header Files\Http</Filter>
    </ClInclude>
    <ClInclude Include="enum.h">
      <Filter>Header Files\Enumeration</Filter>
    </ClInclude>
    <ClInclude Include="Helpers.h">
      <Filter>Header Files\Helpers</Filter>
    </ClInclude>
    <ClInclude Include="package.h">
      <Filter>Header Files\package</Filter>
    </ClInclude>
    <ClInclude Include="localcstd.h">
      <Filter>Header Files\cstdreplacement</Filter>
    </ClInclude>
    <ClInclude Include="Crypto.h">
      <Filter>Header Files\Crypt</Filter>
    </ClInclude>
    <ClInclude Include="wolfssl\wolfcrypt\error-crypt.h">
      <Filter>Header Files\Crypt\wolfssl</Filter>
    </ClInclude>
    <ClInclude Include="wolfssl\wolfcrypt\hash.h">
      <Filter>Header Files\Crypt\wolfssl</Filter>
    </ClInclude>
    <ClInclude Include="wolfssl\wolfcrypt\logging.h">
      <Filter>Header Files\Crypt\wolfssl</Filter>
    </ClInclude>
    <ClInclude Include="wolfssl\wolfcrypt\random.h">
      <Filter>Header Files\Crypt\wolfssl</Filter>
    </ClInclude>
    <ClInclude Include="wolfssl\wolfcrypt\rsa.h">
      <Filter>Header Files\Crypt\wolfssl</Filter>
    </ClInclude>
    <ClInclude Include="wolfssl\wolfcrypt\settings.h">
      <Filter>Header Files\Crypt\wolfssl</Filter>
    </ClInclude>
    <ClInclude Include="wolfssl\wolfcrypt\types.h">
      <Filter>Header Files\Crypt\wolfssl</Filter>
    </ClInclude>
    <ClInclude Include="wolfssl\wolfcrypt\wolfmath.h">
      <Filter>Header Files\Crypt\wolfssl</Filter>
    </ClInclude>
    <ClInclude Include="wolfssl\wolfcrypt\sp_int.h">
      <Filter>Header Files\Crypt\wolfssl</Filter>
    </ClInclude>
    <ClInclude Include="wolfssl\wolfcrypt\misc.h">
      <Filter>Header Files\Crypt\wolfssl</Filter>
    </ClInclude>
    <ClInclude Include="wolfssl\wolfcrypt\visibility.h">
      <Filter>Header Files\Crypt\wolfssl</Filter>
    </ClInclude>
    <ClInclude Include="wolfssl\wolfcrypt\asn.h">
      <Filter>Header Files\Crypt\wolfssl</Filter>
    </ClInclude>
    <ClInclude Include="wolfssl\wolfcrypt\asn_public.h">
      <Filter>Header Files\Crypt\wolfssl</Filter>
    </ClInclude>
    <ClInclude Include="wolfssl\wolfcrypt\memory.h">
      <Filter>Header Files\Crypt\wolfssl</Filter>
    </ClInclude>
    <ClInclude Include="wolfssl\wolfcrypt\dsa.h">
      <Filter>Header Files\Crypt\wolfssl</Filter>
    </ClInclude>
    <ClInclude Include="wolfssl\wolfcrypt\dh.h">
      <Filter>Header Files\Crypt\wolfssl</Filter>
    </ClInclude>
    <ClInclude Include="wolfssl\wolfcrypt\md5.h">
      <Filter>Header Files\Crypt\wolfssl</Filter>
    </ClInclude>
    <ClInclude Include="wolfssl\wolfcrypt\sha.h">
      <Filter>Header Files\Crypt\wolfssl</Filter>
    </ClInclude>
    <ClInclude Include="wolfssl\wolfcrypt\sha256.h">
      <Filter>Header Files\Crypt\wolfssl</Filter>
    </ClInclude>
    <ClInclude Include="wolfssl\wolfcrypt\cpuid.h">
      <Filter>Header Files\Crypt\wolfssl</Filter>
    </ClInclude>
    <ClInclude Include="wolfssl\wolfcrypt\aes.h">
      <Filter>Header Files\Crypt\wolfssl</Filter>
    </ClInclude>
    <ClInclude Include="wolfssl\wolfcrypt\coding.h">
      <Filter>Header Files\Crypt\wolfssl</Filter>
    </ClInclude>
    <ClInclude Include="wolfssl\wolfcrypt\des3.h">
      <Filter>Header Files\Crypt\wolfssl</Filter>
    </ClInclude>
    <ClInclude Include="wolfssl\wolfcrypt\hmac.h">
      <Filter>Header Files\Crypt\wolfssl</Filter>
    </ClInclude>
    <ClInclude Include="wolfssl\wolfcrypt\md2.h">
      <Filter>Header Files\Crypt\wolfssl</Filter>
    </ClInclude>
    <ClInclude Include="wolfssl\wolfcrypt\pwdbased.h">
      <Filter>Header Files\Crypt\wolfssl</Filter>
    </ClInclude>
    <ClInclude Include="wolfssl\wolfcrypt\rc2.h">
      <Filter>Header Files\Crypt\wolfssl</Filter>
    </ClInclude>
    <ClInclude Include="wolfssl\wolfcrypt\wc_encrypt.h">
      <Filter>Header Files\Crypt\wolfssl</Filter>
    </ClInclude>
    <ClInclude Include="wolfssl\wolfcrypt\cryptocb.h">
      <Filter>Header Files\Crypt\wolfssl</Filter>
    </ClInclude>
    <ClInclude Include="wolfssl\wolfcrypt\pkcs12.h">
      <Filter>Header Files\Crypt\wolfssl</Filter>
    </ClInclude>
    <ClInclude Include="wolfssl\wolfcrypt\hpke.h">
      <Filter>Header Files\Crypt\wolfssl</Filter>
    </ClInclude>
    <ClInclude Include="wolfssl\wolfssl\version.h">
      <Filter>Header Files\Crypt\wolfssl</Filter>
    </ClInclude>
    <ClInclude Include="wolfssl\wolfssl\callbacks.h">
      <Filter>Header Files\Crypt\wolfssl</Filter>
    </ClInclude>
    <ClInclude Include="wolfssl\openssl\compat_types.h">
      <Filter>Header Files\Crypt\wolfssl</Filter>
    </ClInclude>
    <ClInclude Include="wolfssl\wolfcrypt\wc_port.h">
      <Filter>Header Files\Crypt\wolfssl</Filter>
    </ClInclude>
  </ItemGroup>
</Project>