<?xml version="1.0" encoding="utf-8"?>
<Project ToolsVersion="4.0" xmlns="http://schemas.microsoft.com/developer/msbuild/2003">
  <ItemGroup>
    <Filter Include="Source Files">
      <UniqueIdentifier>{4FC737F1-C7A5-4376-A066-2A32D752A2FF}</UniqueIdentifier>
      <Extensions>cpp;c;cc;cxx;c++;cppm;ixx;def;odl;idl;hpj;bat;asm;asmx</Extensions>
    </Filter>
    <Filter Include="Header Files">
      <UniqueIdentifier>{93995380-89BD-4b04-88EB-625FBE52EBFB}</UniqueIdentifier>
      <Extensions>h;hh;hpp;hxx;h++;hm;inl;inc;ipp;xsd</Extensions>
    </Filter>
    <Filter Include="Resource Files">
      <UniqueIdentifier>{67DA6AB6-F800-4c08-8B7A-83BB121AAD01}</UniqueIdentifier>
      <Extensions>rc;ico;cur;bmp;dlg;rc2;rct;bin;rgs;gif;jpg;jpeg;jpe;resx;tiff;tif;png;wav;mfcribbon-ms</Extensions>
    </Filter>
    <Filter Include="Source Files\Http">
      <UniqueIdentifier>{78198b09-b903-488c-a638-712160389f74}</UniqueIdentifier>
    </Filter>
    <Filter Include="Source Files\Init">
      <UniqueIdentifier>{1c4344ea-9c8e-4fa5-bdc7-587d9201d004}</UniqueIdentifier>
    </Filter>
    <Filter Include="Header Files\implant">
      <UniqueIdentifier>{e5852c53-76ba-460b-99ba-0362d552ce56}</UniqueIdentifier>
    </Filter>
    <Filter Include="Header Files\Http">
      <UniqueIdentifier>{0e2ac500-a738-444a-9a02-23e5910fb15a}</UniqueIdentifier>
    </Filter>
    <Filter Include="Source Files\Enumeration">
      <UniqueIdentifier>{0a646f6c-37b2-4d57-acb1-880f62f6d3e2}</UniqueIdentifier>
    </Filter>
    <Filter Include="Header Files\Enumeration">
      <UniqueIdentifier>{e3623071-4da1-46ed-a69d-603e31357353}</UniqueIdentifier>
    </Filter>
    <Filter Include="Header Files\init">
      <UniqueIdentifier>{15cd00dc-68b9-42bc-9088-f2d19a3bf6ee}</UniqueIdentifier>
    </Filter>
    <Filter Include="Header Files\Crypt">
      <UniqueIdentifier>{43399300-80ea-4aaf-a387-e44c7e911784}</UniqueIdentifier>
    </Filter>
    <Filter Include="Header Files\Crypt\headers">
      <UniqueIdentifier>{62259fe0-a6e3-4060-8bc6-b591ab494c41}</UniqueIdentifier>
    </Filter>
    <Filter Include="Source Files\Crypt">
      <UniqueIdentifier>{72374bef-5dd3-47cf-9416-f1601d9115c4}</UniqueIdentifier>
    </Filter>
    <Filter Include="Source Files\Crypt\ciphers">
      <UniqueIdentifier>{14bde6ff-98df-4dbd-acb0-9fdb5e1d5d32}</UniqueIdentifier>
    </Filter>
    <Filter Include="Source Files\Crypt\misc">
      <UniqueIdentifier>{91b82d15-4a72-45c1-90e6-911e09eb8193}</UniqueIdentifier>
    </Filter>
    <Filter Include="Source Files\Crypt\misc\crypt">
      <UniqueIdentifier>{792be689-7c82-4fdc-87e8-464fc612d40f}</UniqueIdentifier>
    </Filter>
    <Filter Include="Source Files\Crypt\hashes">
      <UniqueIdentifier>{5b737b76-ae47-4fc4-b34c-cf36e85058b4}</UniqueIdentifier>
    </Filter>
    <Filter Include="Source Files\Crypt\hashes\sha2">
      <UniqueIdentifier>{e7c2fcb2-9828-4cdc-a1ed-8e52487c3e87}</UniqueIdentifier>
    </Filter>
    <Filter Include="Source Files\Crypt\prngs">
      <UniqueIdentifier>{fbf2b308-b9f3-49f4-a614-c873a7f21c4e}</UniqueIdentifier>
    </Filter>
    <Filter Include="Source Files\Crypt\math">
      <UniqueIdentifier>{f5d886ca-2a18-48b0-9970-96fbc9c995c7}</UniqueIdentifier>
    </Filter>
    <Filter Include="Source Files\Crypt\pk">
      <UniqueIdentifier>{de424d67-1640-4ce2-ad64-f4be92d856f2}</UniqueIdentifier>
    </Filter>
    <Filter Include="Source Files\Crypt\pk\ecc">
      <UniqueIdentifier>{4777ff0c-7e0e-43ae-a479-bbf738e3d634}</UniqueIdentifier>
    </Filter>
    <Filter Include="Source Files\Crypt\ciphers\aes">
      <UniqueIdentifier>{7296ad65-0542-4957-8ce3-72a2d7b08026}</UniqueIdentifier>
    </Filter>
    <Filter Include="Source Files\Crypt\hashes\helper">
      <UniqueIdentifier>{267c9579-6f5a-4721-8472-942dc3eaa837}</UniqueIdentifier>
    </Filter>
    <Filter Include="Source Files\Crypt\pk\asn1">
      <UniqueIdentifier>{fdf7c1e8-45d1-408b-8feb-ef5f7bf11f80}</UniqueIdentifier>
    </Filter>
    <Filter Include="Source Files\Crypt\pk\asn1\der">
      <UniqueIdentifier>{3aa50c35-6a21-41bb-99fc-8267e1a98f7b}</UniqueIdentifier>
    </Filter>
    <Filter Include="Source Files\Crypt\pk\asn1\der\sequence">
      <UniqueIdentifier>{a1818989-8e75-499a-a2ab-e4682568532d}</UniqueIdentifier>
    </Filter>
    <Filter Include="Source Files\Crypt\pk\asn1\der\custom_type">
      <UniqueIdentifier>{33d6c487-0e80-45ae-9e20-1816fa5a7825}</UniqueIdentifier>
    </Filter>
    <Filter Include="Source Files\Crypt\pk\asn1\der\set">
      <UniqueIdentifier>{70924b5c-34c8-4b01-8a94-42c003e55f36}</UniqueIdentifier>
    </Filter>
    <Filter Include="Source Files\Crypt\pk\asn1\der\integer">
      <UniqueIdentifier>{2655dcaf-6d22-4da4-baba-76f6e551ee28}</UniqueIdentifier>
    </Filter>
    <Filter Include="Source Files\Crypt\pk\asn1\der\short_integer">
      <UniqueIdentifier>{37777025-92c9-4347-b625-cfcbfb405303}</UniqueIdentifier>
    </Filter>
    <Filter Include="Source Files\Crypt\pk\asn1\der\bit">
      <UniqueIdentifier>{6008548f-89ba-4831-97bf-86a0d991366d}</UniqueIdentifier>
    </Filter>
    <Filter Include="Source Files\Crypt\pk\asn1\der\octet">
      <UniqueIdentifier>{fe0b7383-23ec-444e-9f34-5c767d7dfbb7}</UniqueIdentifier>
    </Filter>
    <Filter Include="Source Files\Crypt\pk\asn1\der\object_identifier">
      <UniqueIdentifier>{1adfaacc-6e28-491c-b16a-2e7367df6649}</UniqueIdentifier>
    </Filter>
    <Filter Include="Source Files\Crypt\pk\asn1\der\ia5">
      <UniqueIdentifier>{b9d91634-323f-4125-83e9-3afc0ac2491a}</UniqueIdentifier>
    </Filter>
    <Filter Include="Source Files\Crypt\pk\asn1\der\printable_string">
      <UniqueIdentifier>{fa5c8cca-33e1-4764-b27b-b5af5278c641}</UniqueIdentifier>
    </Filter>
    <Filter Include="Source Files\Crypt\pk\asn1\der\utf8">
      <UniqueIdentifier>{70680206-e620-49a4-941a-cdc919db8281}</UniqueIdentifier>
    </Filter>
    <Filter Include="Source Files\Crypt\pk\asn1\der\utctime">
      <UniqueIdentifier>{0962022a-0928-4570-9df9-d6ac7e615cba}</UniqueIdentifier>
    </Filter>
    <Filter Include="Source Files\Crypt\pk\asn1\der\generalizedtime">
      <UniqueIdentifier>{7d615255-55da-4981-8036-524b6cb64862}</UniqueIdentifier>
    </Filter>
    <Filter Include="Source Files\Crypt\pk\asn1\der\boolean">
      <UniqueIdentifier>{2d7f89a9-367a-433c-b2ac-48bb2229b93b}</UniqueIdentifier>
    </Filter>
    <Filter Include="Source Files\Crypt\pk\asn1\der\general">
      <UniqueIdentifier>{1be61539-3a65-4c90-b3b5-7ba1af01c07c}</UniqueIdentifier>
    </Filter>
    <Filter Include="Source Files\Crypt\pk\asn1\der\teletex_string">
      <UniqueIdentifier>{e8ad5f73-eef1-4d3f-8416-7c57974f9c7f}</UniqueIdentifier>
    </Filter>
    <Filter Include="Source Files\Crypt\pk\asn1\oid">
      <UniqueIdentifier>{95674056-efff-4fc0-8dfa-5c7911cae9d2}</UniqueIdentifier>
    </Filter>
    <Filter Include="Source Files\Crypt\modes">
      <UniqueIdentifier>{c9da57ff-eb81-481d-9492-6eadd388fb2b}</UniqueIdentifier>
    </Filter>
    <Filter Include="Source Files\Crypt\modes\ctr">
      <UniqueIdentifier>{dff9db7a-2dc5-492b-b141-7c99b3732166}</UniqueIdentifier>
    </Filter>
  </ItemGroup>
  <ItemGroup>
    <ClCompile Include="main.c">
      <Filter>Source Files</Filter>
    </ClCompile>
    <ClCompile Include="Register.c">
      <Filter>Source Files\Http</Filter>
    </ClCompile>
    <ClCompile Include="RetrieveInstructions.c">
      <Filter>Source Files\Http</Filter>
    </ClCompile>
    <ClCompile Include="PerformRequest.c">
      <Filter>Source Files\Http</Filter>
    </ClCompile>
    <ClCompile Include="enum.c">
      <Filter>Source Files\Enumeration</Filter>
    </ClCompile>
    <ClCompile Include="parsekey.c">
      <Filter>Source Files\Init</Filter>
    </ClCompile>
    <ClCompile Include="TomCrypt\misc\crypt\crypt_register_hash.c">
      <Filter>Source Files\Crypt\misc\crypt</Filter>
    </ClCompile>
    <ClCompile Include="TomCrypt\misc\crypt\crypt_register_prng.c">
      <Filter>Source Files\Crypt\misc\crypt</Filter>
    </ClCompile>
    <ClCompile Include="TomCrypt\hashes\sha2\sha256.c">
      <Filter>Source Files\Crypt\hashes\sha2</Filter>
    </ClCompile>
    <ClCompile Include="TomCrypt\prngs\yarrow.c">
      <Filter>Source Files\Crypt\prngs</Filter>
    </ClCompile>
    <ClCompile Include="TomCrypt\misc\crypt\crypt_find_hash.c">
      <Filter>Source Files\Crypt\misc\crypt</Filter>
    </ClCompile>
    <ClCompile Include="TomCrypt\misc\crypt\crypt_find_prng.c">
      <Filter>Source Files\Crypt\misc\crypt</Filter>
    </ClCompile>
    <ClCompile Include="TomCrypt\math\rand_prime.c">
      <Filter>Source Files\Crypt\math</Filter>
    </ClCompile>
    <ClCompile Include="TomCrypt\pk\ecc\ecc_encrypt_key.c">
      <Filter>Source Files\Crypt\pk\ecc</Filter>
    </ClCompile>
    <ClCompile Include="TomCrypt\misc\crypt\crypt_argchk.c">
      <Filter>Source Files\Crypt\misc\crypt</Filter>
    </ClCompile>
    <ClCompile Include="TomCrypt\misc\crypt\crypt_hash_descriptor.c">
      <Filter>Source Files\Crypt\misc\crypt</Filter>
    </ClCompile>
    <ClCompile Include="TomCrypt\misc\crypt\crypt_prng_descriptor.c">
      <Filter>Source Files\Crypt\misc\crypt</Filter>
    </ClCompile>
    <ClCompile Include="TomCrypt\misc\zeromem.c">
      <Filter>Source Files\Crypt\misc</Filter>
    </ClCompile>
    <ClCompile Include="TomCrypt\misc\crypt\crypt_ltc_mp_descriptor.c">
      <Filter>Source Files\Crypt\misc\crypt</Filter>
    </ClCompile>
    <ClCompile Include="TomCrypt\misc\crypt\crypt_hash_is_valid.c">
      <Filter>Source Files\Crypt\misc\crypt</Filter>
    </ClCompile>
    <ClCompile Include="TomCrypt\misc\crypt\crypt_cipher_descriptor.c">
      <Filter>Source Files\Crypt\misc\crypt</Filter>
    </ClCompile>
    <ClCompile Include="TomCrypt\ciphers\aes.c">
      <Filter>Source Files\Crypt\ciphers\aes</Filter>
    </ClCompile>
    <ClCompile Include="TomCrypt\ciphers\aes_desc.c">
      <Filter>Source Files\Crypt\ciphers\aes</Filter>
    </ClCompile>
    <ClCompile Include="TomCrypt\ciphers\aes_tab.c">
      <Filter>Source Files\Crypt\ciphers\aes</Filter>
    </ClCompile>
    <ClCompile Include="TomCrypt\ciphers\aesni.c">
      <Filter>Source Files\Crypt\ciphers\aes</Filter>
    </ClCompile>
    <ClCompile Include="TomCrypt\misc\compare_testvector.c">
      <Filter>Source Files\Crypt\misc</Filter>
    </ClCompile>
    <ClCompile Include="TomCrypt\misc\crypt\crypt_prng_is_valid.c">
      <Filter>Source Files\Crypt\misc\crypt</Filter>
    </ClCompile>
    <ClCompile Include="TomCrypt\hashes\helper\hash_memory.c">
      <Filter>Source Files\Crypt\hashes\helper</Filter>
    </ClCompile>
    <ClCompile Include="TomCrypt\pk\ecc\ecc_free.c">
      <Filter>Source Files\Crypt\pk\ecc</Filter>
    </ClCompile>
    <ClCompile Include="TomCrypt\pk\ecc\ecc_get_key.c">
      <Filter>Source Files\Crypt\pk\ecc</Filter>
    </ClCompile>
    <ClCompile Include="TomCrypt\pk\ecc\ecc_make_key.c">
      <Filter>Source Files\Crypt\pk\ecc</Filter>
    </ClCompile>
    <ClCompile Include="TomCrypt\pk\ecc\ecc_shared_secret.c">
      <Filter>Source Files\Crypt\pk\ecc</Filter>
    </ClCompile>
    <ClCompile Include="TomCrypt\pk\asn1\der\sequence\der_encode_sequence_multi.c">
      <Filter>Source Files\Crypt\pk\asn1\der\sequence</Filter>
    </ClCompile>
    <ClCompile Include="TomCrypt\pk\asn1\der\sequence\der_encode_sequence_ex.c">
      <Filter>Source Files\Crypt\pk\asn1\der\sequence</Filter>
    </ClCompile>
    <ClCompile Include="TomCrypt\pk\asn1\der\custom_type\der_encode_custom_type.c">
      <Filter>Source Files\Crypt\pk\asn1\der\custom_type</Filter>
    </ClCompile>
    <ClCompile Include="TomCrypt\pk\asn1\der\set\der_encode_set.c">
      <Filter>Source Files\Crypt\pk\asn1\der\set</Filter>
    </ClCompile>
    <ClCompile Include="TomCrypt\pk\asn1\der\set\der_encode_setof.c">
      <Filter>Source Files\Crypt\pk\asn1\der\set</Filter>
    </ClCompile>
    <ClCompile Include="TomCrypt\pk\asn1\der\boolean\der_encode_boolean.c">
      <Filter>Source Files\Crypt\pk\asn1\der\boolean</Filter>
    </ClCompile>
    <ClCompile Include="TomCrypt\pk\asn1\der\integer\der_encode_integer.c">
      <Filter>Source Files\Crypt\pk\asn1\der\integer</Filter>
    </ClCompile>
    <ClCompile Include="TomCrypt\pk\asn1\der\short_integer\der_encode_short_integer.c">
      <Filter>Source Files\Crypt\pk\asn1\der\short_integer</Filter>
    </ClCompile>
    <ClCompile Include="TomCrypt\pk\asn1\der\bit\der_encode_bit_string.c">
      <Filter>Source Files\Crypt\pk\asn1\der\bit</Filter>
    </ClCompile>
    <ClCompile Include="TomCrypt\pk\asn1\der\bit\der_encode_raw_bit_string.c">
      <Filter>Source Files\Crypt\pk\asn1\der\bit</Filter>
    </ClCompile>
    <ClCompile Include="TomCrypt\pk\asn1\der\octet\der_encode_octet_string.c">
      <Filter>Source Files\Crypt\pk\asn1\der\octet</Filter>
    </ClCompile>
    <ClCompile Include="TomCrypt\pk\asn1\der\object_identifier\der_encode_object_identifier.c">
      <Filter>Source Files\Crypt\pk\asn1\der\object_identifier</Filter>
    </ClCompile>
    <ClCompile Include="TomCrypt\pk\asn1\der\ia5\der_encode_ia5_string.c">
      <Filter>Source Files\Crypt\pk\asn1\der\ia5</Filter>
    </ClCompile>
    <ClCompile Include="TomCrypt\pk\asn1\der\printable_string\der_encode_printable_string.c">
      <Filter>Source Files\Crypt\pk\asn1\der\printable_string</Filter>
    </ClCompile>
    <ClCompile Include="TomCrypt\pk\asn1\der\utf8\der_encode_utf8_string.c">
      <Filter>Source Files\Crypt\pk\asn1\der\utf8</Filter>
    </ClCompile>
    <ClCompile Include="TomCrypt\pk\asn1\der\utctime\der_encode_utctime.c">
      <Filter>Source Files\Crypt\pk\asn1\der\utctime</Filter>
    </ClCompile>
    <ClCompile Include="TomCrypt\pk\asn1\der\generalizedtime\der_encode_generalizedtime.c">
      <Filter>Source Files\Crypt\pk\asn1\der\generalizedtime</Filter>
    </ClCompile>
    <ClCompile Include="TomCrypt\pk\asn1\der\custom_type\der_length_custom_type.c">
      <Filter>Source Files\Crypt\pk\asn1\der\custom_type</Filter>
    </ClCompile>
    <ClCompile Include="TomCrypt\pk\asn1\der\boolean\der_length_boolean.c">
      <Filter>Source Files\Crypt\pk\asn1\der\boolean</Filter>
    </ClCompile>
    <ClCompile Include="TomCrypt\pk\asn1\der\integer\der_length_integer.c">
      <Filter>Source Files\Crypt\pk\asn1\der\integer</Filter>
    </ClCompile>
    <ClCompile Include="TomCrypt\pk\asn1\der\bit\der_length_bit_string.c">
      <Filter>Source Files\Crypt\pk\asn1\der\bit</Filter>
    </ClCompile>
    <ClCompile Include="TomCrypt\pk\asn1\der\ia5\der_length_ia5_string.c">
      <Filter>Source Files\Crypt\pk\asn1\der\ia5</Filter>
    </ClCompile>
    <ClCompile Include="TomCrypt\pk\asn1\der\generalizedtime\der_length_generalizedtime.c">
      <Filter>Source Files\Crypt\pk\asn1\der\generalizedtime</Filter>
    </ClCompile>
    <ClCompile Include="TomCrypt\pk\asn1\der\utctime\der_length_utctime.c">
      <Filter>Source Files\Crypt\pk\asn1\der\utctime</Filter>
    </ClCompile>
    <ClCompile Include="TomCrypt\pk\asn1\der\utf8\der_length_utf8_string.c">
      <Filter>Source Files\Crypt\pk\asn1\der\utf8</Filter>
    </ClCompile>
    <ClCompile Include="TomCrypt\pk\asn1\der\printable_string\der_length_printable_string.c">
      <Filter>Source Files\Crypt\pk\asn1\der\printable_string</Filter>
    </ClCompile>
    <ClCompile Include="TomCrypt\pk\asn1\der\object_identifier\der_length_object_identifier.c">
      <Filter>Source Files\Crypt\pk\asn1\der\object_identifier</Filter>
    </ClCompile>
    <ClCompile Include="TomCrypt\pk\asn1\der\octet\der_length_octet_string.c">
      <Filter>Source Files\Crypt\pk\asn1\der\octet</Filter>
    </ClCompile>
    <ClCompile Include="TomCrypt\pk\asn1\der\short_integer\der_length_short_integer.c">
      <Filter>Source Files\Crypt\pk\asn1\der\short_integer</Filter>
    </ClCompile>
    <ClCompile Include="TomCrypt\pk\asn1\der\sequence\der_length_sequence.c">
      <Filter>Source Files\Crypt\pk\asn1\der\sequence</Filter>
    </ClCompile>
    <ClCompile Include="TomCrypt\pk\asn1\der\general\der_encode_asn1_length.c">
      <Filter>Source Files\Crypt\pk\asn1\der\general</Filter>
    </ClCompile>
    <ClCompile Include="TomCrypt\pk\asn1\der\general\der_length_asn1_length.c">
      <Filter>Source Files\Crypt\pk\asn1\der\general</Filter>
    </ClCompile>
    <ClCompile Include="TomCrypt\pk\asn1\der\general\der_encode_asn1_identifier.c">
      <Filter>Source Files\Crypt\pk\asn1\der\general</Filter>
    </ClCompile>
    <ClCompile Include="TomCrypt\pk\asn1\der\general\der_length_asn1_identifier.c">
      <Filter>Source Files\Crypt\pk\asn1\der\general</Filter>
    </ClCompile>
    <ClCompile Include="TomCrypt\pk\asn1\der\teletex_string\der_length_teletex_string.c">
      <Filter>Source Files\Crypt\pk\asn1\der\teletex_string</Filter>
    </ClCompile>
    <ClCompile Include="TomCrypt\pk\asn1\der\general\der_asn1_maps.c">
      <Filter>Source Files\Crypt\pk\asn1\der\general</Filter>
    </ClCompile>
    <ClCompile Include="TomCrypt\pk\ecc\ecc_set_curve.c">
      <Filter>Source Files\Crypt\pk\ecc</Filter>
    </ClCompile>
    <ClCompile Include="TomCrypt\pk\ecc\ecc_set_curve_internal.c">
      <Filter>Source Files\Crypt\pk\ecc</Filter>
    </ClCompile>
    <ClCompile Include="TomCrypt\misc\crypt\crypt_cipher_is_valid.c">
      <Filter>Source Files\Crypt\misc\crypt</Filter>
    </ClCompile>
    <ClCompile Include="TomCrypt\misc\crypt\crypt_register_cipher.c">
      <Filter>Source Files\Crypt\misc\crypt</Filter>
    </ClCompile>
    <ClCompile Include="TomCrypt\pk\ecc\ecc_find_curve.c">
      <Filter>Source Files\Crypt\pk\ecc</Filter>
    </ClCompile>
    <ClCompile Include="TomCrypt\pk\ecc\ecc.c">
      <Filter>Source Files\Crypt\pk\ecc</Filter>
    </ClCompile>
    <ClCompile Include="TomCrypt\math\multi.c">
      <Filter>Source Files\Crypt\math</Filter>
    </ClCompile>
    <ClCompile Include="TomCrypt\pk\asn1\oid\pk_oid_str.c">
      <Filter>Source Files\Crypt\pk\asn1\oid</Filter>
    </ClCompile>
    <ClCompile Include="TomCrypt\pk\ecc\ltc_ecc_export_point.c">
      <Filter>Source Files\Crypt\pk\ecc</Filter>
    </ClCompile>
    <ClCompile Include="TomCrypt\math\rand_bn.c">
      <Filter>Source Files\Crypt\math</Filter>
    </ClCompile>
    <ClCompile Include="TomCrypt\pk\ecc\ltc_ecc_points.c">
      <Filter>Source Files\Crypt\pk\ecc</Filter>
    </ClCompile>
    <ClCompile Include="TomCrypt\modes\ctr\ctr_done.c">
      <Filter>Source Files\Crypt\modes\ctr</Filter>
    </ClCompile>
    <ClCompile Include="TomCrypt\modes\ctr\ctr_encrypt.c">
      <Filter>Source Files\Crypt\modes\ctr</Filter>
    </ClCompile>
    <ClCompile Include="TomCrypt\modes\ctr\ctr_start.c">
      <Filter>Source Files\Crypt\modes\ctr</Filter>
    </ClCompile>
  </ItemGroup>
  <ItemGroup>
    <ClInclude Include="implant.h">
      <Filter>Header Files\implant</Filter>
    </ClInclude>
    <ClInclude Include="Http.h">
      <Filter>Header Files\Http</Filter>
    </ClInclude>
    <ClInclude Include="enum.h">
      <Filter>Header Files\Enumeration</Filter>
    </ClInclude>
    <ClInclude Include="parsekey.h">
      <Filter>Header Files\init</Filter>
    </ClInclude>
    <ClInclude Include="TomCrypt\headers\tomcrypt.h">
      <Filter>Header Files\Crypt\headers</Filter>
    </ClInclude>
    <ClInclude Include="TomCrypt\headers\tomcrypt_argchk.h">
      <Filter>Header Files\Crypt\headers</Filter>
    </ClInclude>
    <ClInclude Include="TomCrypt\headers\tomcrypt_cfg.h">
      <Filter>Header Files\Crypt\headers</Filter>
    </ClInclude>
    <ClInclude Include="TomCrypt\headers\tomcrypt_cipher.h">
      <Filter>Header Files\Crypt\headers</Filter>
    </ClInclude>
    <ClInclude Include="TomCrypt\headers\tomcrypt_custom.h">
      <Filter>Header Files\Crypt\headers</Filter>
    </ClInclude>
    <ClInclude Include="TomCrypt\headers\tomcrypt_hash.h">
      <Filter>Header Files\Crypt\headers</Filter>
    </ClInclude>
    <ClInclude Include="TomCrypt\headers\tomcrypt_mac.h">
      <Filter>Header Files\Crypt\headers</Filter>
    </ClInclude>
    <ClInclude Include="TomCrypt\headers\tomcrypt_macros.h">
      <Filter>Header Files\Crypt\headers</Filter>
    </ClInclude>
    <ClInclude Include="TomCrypt\headers\tomcrypt_math.h">
      <Filter>Header Files\Crypt\headers</Filter>
    </ClInclude>
    <ClInclude Include="TomCrypt\headers\tomcrypt_misc.h">
      <Filter>Header Files\Crypt\headers</Filter>
    </ClInclude>
    <ClInclude Include="TomCrypt\headers\tomcrypt_pk.h">
      <Filter>Header Files\Crypt\headers</Filter>
    </ClInclude>
    <ClInclude Include="TomCrypt\headers\tomcrypt_pkcs.h">
      <Filter>Header Files\Crypt\headers</Filter>
    </ClInclude>
    <ClInclude Include="TomCrypt\headers\tomcrypt_private.h">
      <Filter>Header Files\Crypt\headers</Filter>
    </ClInclude>
    <ClInclude Include="TomCrypt\headers\tomcrypt_prng.h">
      <Filter>Header Files\Crypt\headers</Filter>
    </ClInclude>
  </ItemGroup>
</Project>