
Microsoft Visual Studio Solution File, Format Version 12.00
# Visual Studio Version 17
VisualStudioVersion = 17.7.34031.279
MinimumVisualStudioVersion = 10.0.40219.1
Project("{8BC9CEB8-8B4A-11D0-8D11-00A0C91BC942}") = "Agent", "Agent\Agent.vcxproj", "{DE57793F-0A8F-437F-BAA8-185F74156E29}"
EndProject
Global
	GlobalSection(SolutionConfigurationPlatforms) = preSolution
		Debug|x64 = Debug|x64
		Debug|x86 = Debug|x86
		Release|x64 = Release|x64
		Release|x86 = Release|x86
	EndGlobalSection
	GlobalSection(ProjectConfigurationPlatforms) = postSolution
		{DE57793F-0A8F-437F-BAA8-185F74156E29}.Debug|x64.ActiveCfg = Debug|x64
		{DE57793F-0A8F-437F-BAA8-185F74156E29}.Debug|x64.Build.0 = Debug|x64
		{DE57793F-0A8F-437F-BAA8-185F74156E29}.Debug|x86.ActiveCfg = Debug|Win32
		{DE57793F-0A8F-437F-BAA8-185F74156E29}.Debug|x86.Build.0 = Debug|Win32
		{DE57793F-0A8F-437F-BAA8-185F74156E29}.Release|x64.ActiveCfg = Release|x64
		{DE57793F-0A8F-437F-BAA8-185F74156E29}.Release|x64.Build.0 = Release|x64
		{DE57793F-0A8F-437F-BAA8-185F74156E29}.Release|x86.ActiveCfg = Release|Win32
		{DE57793F-0A8F-437F-BAA8-185F74156E29}.Release|x86.Build.0 = Release|Win32
	EndGlobalSection
	GlobalSection(SolutionProperties) = preSolution
		HideSolutionNode = FALSE
	EndGlobalSection
	GlobalSection(ExtensibilityGlobals) = postSolution
		SolutionGuid = {4A38E412-CAE3-4DEB-AF3F-0A8B5D68AA3C}
	EndGlobalSection
EndGlobal
